{
  "name": "liquify.css",
  "version": "1.0.2",
  "lockfileVersion": 2,
  "requires": true,
  "packages": {
    "": {
      "name": "liquify.css",
      "version": "1.0.2",
      "license": "ISC",
      "dependencies": {
        "liquify.css": "^1.0.1"
      }
    },
    "node_modules/liquify.css": {
      "version": "1.0.1",
      "resolved": "https://registry.npmjs.org/liquify.css/-/liquify.css-1.0.1.tgz",
      "integrity": "sha512-tPbuNJNTN+iwLSYlqB2TA+KG28irSwgClYtcVIKjwhGP5yVIt9RhPoYPDf8r5ZljkzFm8FZKCoGpM2UzY4SO8Q==",
      "dependencies": {
        "liquify.css": "^1.0.0"
      }
    }
  },
  "dependencies": {
    "liquify.css": {
      "version": "1.0.1",
      "resolved": "https://registry.npmjs.org/liquify.css/-/liquify.css-1.0.1.tgz",
      "integrity": "sha512-tPbuNJNTN+iwLSYlqB2TA+KG28irSwgClYtcVIKjwhGP5yVIt9RhPoYPDf8r5ZljkzFm8FZKCoGpM2UzY4SO8Q==",
      "requires": {
        "liquify.css": "^1.0.0"
      }
    }
  }
}
