{
  "name": "liquify.css",
  "version": "1.0.2",
  "lockfileVersion": 2,
  "requires": true,
  "packages": {
    "": {
      "name": "liquify.css",
      "version": "1.0.2",
      "license": "ISC",
      "dependencies": {
        "liquify.css": "^1.0.2"
      }
    },
    "node_modules/liquify.css": {
      "version": "1.0.2",
      "resolved": "https://registry.npmjs.org/liquify.css/-/liquify.css-1.0.2.tgz",
      "integrity": "sha512-WdIf0B4sFq+PSTk9iyMN2tDPnVvhXJilOdVekHb51pWM3f5bHiNiK9Zuj1R0/QF1RZKl6bZ0khdCt5hOUdk3XQ==",
      "dependencies": {
        "liquify.css": "^1.0.1"
      }
    }
  },
  "dependencies": {
    "liquify.css": {
      "version": "1.0.2",
      "resolved": "https://registry.npmjs.org/liquify.css/-/liquify.css-1.0.2.tgz",
      "integrity": "sha512-WdIf0B4sFq+PSTk9iyMN2tDPnVvhXJilOdVekHb51pWM3f5bHiNiK9Zuj1R0/QF1RZKl6bZ0khdCt5hOUdk3XQ==",
      "requires": {
        "liquify.css": "^1.0.1"
      }
    }
  }
}
